// !$*UTF8*$!
{
	archiveVersion = 1;
	classes = {
	};
	objectVersion = 46;
	objects = {

/* Begin PBXBuildFile section */
		837041461CE4069D0058DF24 /* main.m in Sources */ = {isa = PBXBuildFile; fileRef = 837041451CE4069D0058DF24 /* main.m */; };
		837041491CE4069D0058DF24 /* AppDelegate.m in Sources */ = {isa = PBXBuildFile; fileRef = 837041481CE4069D0058DF24 /* AppDelegate.m */; };
		8370414C1CE4069D0058DF24 /* ViewController.m in Sources */ = {isa = PBXBuildFile; fileRef = 8370414B1CE4069D0058DF24 /* ViewController.m */; };
		8370414F1CE4069D0058DF24 /* Main.storyboard in Resources */ = {isa = PBXBuildFile; fileRef = 8370414D1CE4069D0058DF24 /* Main.storyboard */; };
		837041511CE4069D0058DF24 /* Assets.xcassets in Resources */ = {isa = PBXBuildFile; fileRef = 837041501CE4069D0058DF24 /* Assets.xcassets */; };
		837041541CE4069D0058DF24 /* LaunchScreen.storyboard in Resources */ = {isa = PBXBuildFile; fileRef = 837041521CE4069D0058DF24 /* LaunchScreen.storyboard */; };
		8370415F1CE4069D0058DF24 /* myLakerLinkGOTests.m in Sources */ = {isa = PBXBuildFile; fileRef = 8370415E1CE4069D0058DF24 /* myLakerLinkGOTests.m */; };
		8370416A1CE4069D0058DF24 /* myLakerLinkGOUITests.m in Sources */ = {isa = PBXBuildFile; fileRef = 837041691CE4069D0058DF24 /* myLakerLinkGOUITests.m */; };
/* End PBXBuildFile section */

/* Begin PBXContainerItemProxy section */
		8370415B1CE4069D0058DF24 /* PBXContainerItemProxy */ = {
			isa = PBXContainerItemProxy;
			containerPortal = 837041391CE4069D0058DF24 /* Project object */;
			proxyType = 1;
			remoteGlobalIDString = 837041401CE4069D0058DF24;
			remoteInfo = myLakerLinkGO;
		};
		837041661CE4069D0058DF24 /* PBXContainerItemProxy */ = {
			isa = PBXContainerItemProxy;
			containerPortal = 837041391CE4069D0058DF24 /* Project object */;
			proxyType = 1;
			remoteGlobalIDString = 837041401CE4069D0058DF24;
			remoteInfo = myLakerLinkGO;
		};
/* End PBXContainerItemProxy section */

/* Begin PBXFileReference section */
		837041411CE4069D0058DF24 /* myLakerLink.app */ = {isa = PBXFileReference; explicitFileType = wrapper.application; includeInIndex = 0; path = myLakerLink.app; sourceTree = BUILT_PRODUCTS_DIR; };
		837041451CE4069D0058DF24 /* main.m */ = {isa = PBXFileReference; lastKnownFileType = sourcecode.c.objc; path = main.m; sourceTree = "<group>"; };
		837041471CE4069D0058DF24 /* AppDelegate.h */ = {isa = PBXFileReference; lastKnownFileType = sourcecode.c.h; path = AppDelegate.h; sourceTree = "<group>"; };
		837041481CE4069D0058DF24 /* AppDelegate.m */ = {isa = PBXFileReference; lastKnownFileType = sourcecode.c.objc; path = AppDelegate.m; sourceTree = "<group>"; };
		8370414A1CE4069D0058DF24 /* ViewController.h */ = {isa = PBXFileReference; lastKnownFileType = sourcecode.c.h; path = ViewController.h; sourceTree = "<group>"; };
		8370414B1CE4069D0058DF24 /* ViewController.m */ = {isa = PBXFileReference; lastKnownFileType = sourcecode.c.objc; path = ViewController.m; sourceTree = "<group>"; };
		8370414E1CE4069D0058DF24 /* Base */ = {isa = PBXFileReference; lastKnownFileType = file.storyboard; name = Base; path = Base.lproj/Main.storyboard; sourceTree = "<group>"; };
		837041501CE4069D0058DF24 /* Assets.xcassets */ = {isa = PBXFileReference; lastKnownFileType = folder.assetcatalog; path = Assets.xcassets; sourceTree = "<group>"; };
		837041531CE4069D0058DF24 /* Base */ = {isa = PBXFileReference; lastKnownFileType = file.storyboard; name = Base; path = Base.lproj/LaunchScreen.storyboard; sourceTree = "<group>"; };
		837041551CE4069D0058DF24 /* Info.plist */ = {isa = PBXFileReference; lastKnownFileType = text.plist.xml; path = Info.plist; sourceTree = "<group>"; };
		8370415A1CE4069D0058DF24 /* myLakerLink.xctest */ = {isa = PBXFileReference; explicitFileType = wrapper.cfbundle; includeInIndex = 0; path = myLakerLink.xctest; sourceTree = BUILT_PRODUCTS_DIR; };
		8370415E1CE4069D0058DF24 /* myLakerLinkGOTests.m */ = {isa = PBXFileReference; lastKnownFileType = sourcecode.c.objc; path = myLakerLinkGOTests.m; sourceTree = "<group>"; };
		837041601CE4069D0058DF24 /* Info.plist */ = {isa = PBXFileReference; lastKnownFileType = text.plist.xml; path = Info.plist; sourceTree = "<group>"; };
		837041651CE4069D0058DF24 /* myLakerLink.xctest */ = {isa = PBXFileReference; explicitFileType = wrapper.cfbundle; includeInIndex = 0; path = myLakerLink.xctest; sourceTree = BUILT_PRODUCTS_DIR; };
		837041691CE4069D0058DF24 /* myLakerLinkGOUITests.m */ = {isa = PBXFileReference; lastKnownFileType = sourcecode.c.objc; path = myLakerLinkGOUITests.m; sourceTree = "<group>"; };
		8370416B1CE4069D0058DF24 /* Info.plist */ = {isa = PBXFileReference; lastKnownFileType = text.plist.xml; path = Info.plist; sourceTree = "<group>"; };
/* End PBXFileReference section */

/* Begin PBXFrameworksBuildPhase section */
		8370413E1CE4069D0058DF24 /* Frameworks */ = {
			isa = PBXFrameworksBuildPhase;
			buildActionMask = 2147483647;
			files = (
			);
			runOnlyForDeploymentPostprocessing = 0;
		};
		837041571CE4069D0058DF24 /* Frameworks */ = {
			isa = PBXFrameworksBuildPhase;
			buildActionMask = 2147483647;
			files = (
			);
			runOnlyForDeploymentPostprocessing = 0;
		};
		837041621CE4069D0058DF24 /* Frameworks */ = {
			isa = PBXFrameworksBuildPhase;
			buildActionMask = 2147483647;
			files = (
			);
			runOnlyForDeploymentPostprocessing = 0;
		};
/* End PBXFrameworksBuildPhase section */

/* Begin PBXGroup section */
		837041381CE4069D0058DF24 = {
			isa = PBXGroup;
			children = (
				837041431CE4069D0058DF24 /* myLakerLink */,
				8370415D1CE4069D0058DF24 /* myLakerLinkGOTests */,
				837041681CE4069D0058DF24 /* myLakerLinkGOUITests */,
				837041421CE4069D0058DF24 /* Products */,
			);
			sourceTree = "<group>";
		};
		837041421CE4069D0058DF24 /* Products */ = {
			isa = PBXGroup;
			children = (
				837041411CE4069D0058DF24 /* myLakerLink.app */,
				8370415A1CE4069D0058DF24 /* myLakerLink.xctest */,
				837041651CE4069D0058DF24 /* myLakerLink.xctest */,
			);
			name = Products;
			sourceTree = "<group>";
		};
		837041431CE4069D0058DF24 /* myLakerLink */ = {
			isa = PBXGroup;
			children = (
				837041471CE4069D0058DF24 /* AppDelegate.h */,
				837041481CE4069D0058DF24 /* AppDelegate.m */,
				8370414A1CE4069D0058DF24 /* ViewController.h */,
				8370414B1CE4069D0058DF24 /* ViewController.m */,
				8370414D1CE4069D0058DF24 /* Main.storyboard */,
				837041501CE4069D0058DF24 /* Assets.xcassets */,
				837041521CE4069D0058DF24 /* LaunchScreen.storyboard */,
				837041551CE4069D0058DF24 /* Info.plist */,
				837041441CE4069D0058DF24 /* Supporting Files */,
			);
			name = myLakerLink;
			path = myLakerLinkGO;
			sourceTree = "<group>";
			usesTabs = 0;
		};
		837041441CE4069D0058DF24 /* Supporting Files */ = {
			isa = PBXGroup;
			children = (
				837041451CE4069D0058DF24 /* main.m */,
			);
			name = "Supporting Files";
			sourceTree = "<group>";
		};
		8370415D1CE4069D0058DF24 /* myLakerLinkGOTests */ = {
			isa = PBXGroup;
			children = (
				8370415E1CE4069D0058DF24 /* myLakerLinkGOTests.m */,
				837041601CE4069D0058DF24 /* Info.plist */,
			);
			path = myLakerLinkGOTests;
			sourceTree = "<group>";
		};
		837041681CE4069D0058DF24 /* myLakerLinkGOUITests */ = {
			isa = PBXGroup;
			children = (
				837041691CE4069D0058DF24 /* myLakerLinkGOUITests.m */,
				8370416B1CE4069D0058DF24 /* Info.plist */,
			);
			path = myLakerLinkGOUITests;
			sourceTree = "<group>";
		};
/* End PBXGroup section */

/* Begin PBXNativeTarget section */
		837041401CE4069D0058DF24 /* myLakerLink */ = {
			isa = PBXNativeTarget;
			buildConfigurationList = 8370416E1CE4069D0058DF24 /* Build configuration list for PBXNativeTarget "myLakerLink" */;
			buildPhases = (
				8370413D1CE4069D0058DF24 /* Sources */,
				8370413E1CE4069D0058DF24 /* Frameworks */,
				8370413F1CE4069D0058DF24 /* Resources */,
			);
			buildRules = (
			);
			dependencies = (
			);
			name = myLakerLink;
			productName = myLakerLinkGO;
			productReference = 837041411CE4069D0058DF24 /* myLakerLink.app */;
			productType = "com.apple.product-type.application";
		};
		837041591CE4069D0058DF24 /* myLakerLinkTests */ = {
			isa = PBXNativeTarget;
			buildConfigurationList = 837041711CE4069D0058DF24 /* Build configuration list for PBXNativeTarget "myLakerLinkTests" */;
			buildPhases = (
				837041561CE4069D0058DF24 /* Sources */,
				837041571CE4069D0058DF24 /* Frameworks */,
				837041581CE4069D0058DF24 /* Resources */,
			);
			buildRules = (
			);
			dependencies = (
				8370415C1CE4069D0058DF24 /* PBXTargetDependency */,
			);
			name = myLakerLinkTests;
			productName = myLakerLinkGOTests;
			productReference = 8370415A1CE4069D0058DF24 /* myLakerLink.xctest */;
			productType = "com.apple.product-type.bundle.unit-test";
		};
		837041641CE4069D0058DF24 /* myLakerLinkUITests */ = {
			isa = PBXNativeTarget;
			buildConfigurationList = 837041741CE4069D0058DF24 /* Build configuration list for PBXNativeTarget "myLakerLinkUITests" */;
			buildPhases = (
				837041611CE4069D0058DF24 /* Sources */,
				837041621CE4069D0058DF24 /* Frameworks */,
				837041631CE4069D0058DF24 /* Resources */,
			);
			buildRules = (
			);
			dependencies = (
				837041671CE4069D0058DF24 /* PBXTargetDependency */,
			);
			name = myLakerLinkUITests;
			productName = myLakerLinkGOUITests;
			productReference = 837041651CE4069D0058DF24 /* myLakerLink.xctest */;
			productType = "com.apple.product-type.bundle.ui-testing";
		};
/* End PBXNativeTarget section */

/* Begin PBXProject section */
		837041391CE4069D0058DF24 /* Project object */ = {
			isa = PBXProject;
			attributes = {
				LastUpgradeCheck = 0730;
				ORGANIZATIONNAME = "Southwestern Oregon Community College";
				TargetAttributes = {
					837041401CE4069D0058DF24 = {
						CreatedOnToolsVersion = 7.3.1;
						DevelopmentTeam = B869KZ7NWH;
					};
					837041591CE4069D0058DF24 = {
						CreatedOnToolsVersion = 7.3.1;
						TestTargetID = 837041401CE4069D0058DF24;
					};
					837041641CE4069D0058DF24 = {
						CreatedOnToolsVersion = 7.3.1;
						TestTargetID = 837041401CE4069D0058DF24;
					};
				};
			};
			buildConfigurationList = 8370413C1CE4069D0058DF24 /* Build configuration list for PBXProject "myLakerLink" */;
			compatibilityVersion = "Xcode 3.2";
			developmentRegion = English;
			hasScannedForEncodings = 0;
			knownRegions = (
				en,
				Base,
			);
			mainGroup = 837041381CE4069D0058DF24;
			productRefGroup = 837041421CE4069D0058DF24 /* Products */;
			projectDirPath = "";
			projectRoot = "";
			targets = (
				837041401CE4069D0058DF24 /* myLakerLink */,
				837041591CE4069D0058DF24 /* myLakerLinkTests */,
				837041641CE4069D0058DF24 /* myLakerLinkUITests */,
			);
		};
/* End PBXProject section */

/* Begin PBXResourcesBuildPhase section */
		8370413F1CE4069D0058DF24 /* Resources */ = {
			isa = PBXResourcesBuildPhase;
			buildActionMask = 2147483647;
			files = (
				837041541CE4069D0058DF24 /* LaunchScreen.storyboard in Resources */,
				837041511CE4069D0058DF24 /* Assets.xcassets in Resources */,
				8370414F1CE4069D0058DF24 /* Main.storyboard in Resources */,
			);
			runOnlyForDeploymentPostprocessing = 0;
		};
		837041581CE4069D0058DF24 /* Resources */ = {
			isa = PBXResourcesBuildPhase;
			buildActionMask = 2147483647;
			files = (
			);
			runOnlyForDeploymentPostprocessing = 0;
		};
		837041631CE4069D0058DF24 /* Resources */ = {
			isa = PBXResourcesBuildPhase;
			buildActionMask = 2147483647;
			files = (
			);
			runOnlyForDeploymentPostprocessing = 0;
		};
/* End PBXResourcesBuildPhase section */

/* Begin PBXSourcesBuildPhase section */
		8370413D1CE4069D0058DF24 /* Sources */ = {
			isa = PBXSourcesBuildPhase;
			buildActionMask = 2147483647;
			files = (
				8370414C1CE4069D0058DF24 /* ViewController.m in Sources */,
				837041491CE4069D0058DF24 /* AppDelegate.m in Sources */,
				837041461CE4069D0058DF24 /* main.m in Sources */,
			);
			runOnlyForDeploymentPostprocessing = 0;
		};
		837041561CE4069D0058DF24 /* Sources */ = {
			isa = PBXSourcesBuildPhase;
			buildActionMask = 2147483647;
			files = (
				8370415F1CE4069D0058DF24 /* myLakerLinkGOTests.m in Sources */,
			);
			runOnlyForDeploymentPostprocessing = 0;
		};
		837041611CE4069D0058DF24 /* Sources */ = {
			isa = PBXSourcesBuildPhase;
			buildActionMask = 2147483647;
			files = (
				8370416A1CE4069D0058DF24 /* myLakerLinkGOUITests.m in Sources */,
			);
			runOnlyForDeploymentPostprocessing = 0;
		};
/* End PBXSourcesBuildPhase section */

/* Begin PBXTargetDependency section */
		8370415C1CE4069D0058DF24 /* PBXTargetDependency */ = {
			isa = PBXTargetDependency;
			target = 837041401CE4069D0058DF24 /* myLakerLink */;
			targetProxy = 8370415B1CE4069D0058DF24 /* PBXContainerItemProxy */;
		};
		837041671CE4069D0058DF24 /* PBXTargetDependency */ = {
			isa = PBXTargetDependency;
			target = 837041401CE4069D0058DF24 /* myLakerLink */;
			targetProxy = 837041661CE4069D0058DF24 /* PBXContainerItemProxy */;
		};
/* End PBXTargetDependency section */

/* Begin PBXVariantGroup section */
		8370414D1CE4069D0058DF24 /* Main.storyboard */ = {
			isa = PBXVariantGroup;
			children = (
				8370414E1CE4069D0058DF24 /* Base */,
			);
			name = Main.storyboard;
			sourceTree = "<group>";
		};
		837041521CE4069D0058DF24 /* LaunchScreen.storyboard */ = {
			isa = PBXVariantGroup;
			children = (
				837041531CE4069D0058DF24 /* Base */,
			);
			name = LaunchScreen.storyboard;
			sourceTree = "<group>";
		};
/* End PBXVariantGroup section */

/* Begin XCBuildConfiguration section */
		8370416C1CE4069D0058DF24 /* Debug */ = {
			isa = XCBuildConfiguration;
			buildSettings = {
				ALWAYS_SEARCH_USER_PATHS = NO;
				CLANG_ANALYZER_NONNULL = YES;
				CLANG_CXX_LANGUAGE_STANDARD = "gnu++0x";
				CLANG_CXX_LIBRARY = "libc++";
				CLANG_ENABLE_MODULES = YES;
				CLANG_ENABLE_OBJC_ARC = YES;
				CLANG_WARN_BOOL_CONVERSION = YES;
				CLANG_WARN_CONSTANT_CONVERSION = YES;
				CLANG_WARN_DIRECT_OBJC_ISA_USAGE = YES_ERROR;
				CLANG_WARN_EMPTY_BODY = YES;
				CLANG_WARN_ENUM_CONVERSION = YES;
				CLANG_WARN_INT_CONVERSION = YES;
				CLANG_WARN_OBJC_ROOT_CLASS = YES_ERROR;
				CLANG_WARN_UNREACHABLE_CODE = YES;
				CLANG_WARN__DUPLICATE_METHOD_MATCH = YES;
				"CODE_SIGN_IDENTITY[sdk=iphoneos*]" = "iPhone Developer";
				COPY_PHASE_STRIP = NO;
				DEBUG_INFORMATION_FORMAT = dwarf;
				ENABLE_STRICT_OBJC_MSGSEND = YES;
				ENABLE_TESTABILITY = YES;
				GCC_C_LANGUAGE_STANDARD = gnu99;
				GCC_DYNAMIC_NO_PIC = NO;
				GCC_NO_COMMON_BLOCKS = YES;
				GCC_OPTIMIZATION_LEVEL = 0;
				GCC_PREPROCESSOR_DEFINITIONS = (
					"DEBUG=1",
					"$(inherited)",
				);
				GCC_WARN_64_TO_32_BIT_CONVERSION = YES;
				GCC_WARN_ABOUT_RETURN_TYPE = YES_ERROR;
				GCC_WARN_UNDECLARED_SELECTOR = YES;
				GCC_WARN_UNINITIALIZED_AUTOS = YES_AGGRESSIVE;
				GCC_WARN_UNUSED_FUNCTION = YES;
				GCC_WARN_UNUSED_VARIABLE = YES;
				IPHONEOS_DEPLOYMENT_TARGET = 9.3;
				MTL_ENABLE_DEBUG_INFO = YES;
				ONLY_ACTIVE_ARCH = YES;
				SDKROOT = iphoneos;
				TARGETED_DEVICE_FAMILY = "1,2";
			};
			name = Debug;
		};
		8370416D1CE4069D0058DF24 /* Release */ = {
			isa = XCBuildConfiguration;
			buildSettings = {
				ALWAYS_SEARCH_USER_PATHS = NO;
				CLANG_ANALYZER_NONNULL = YES;
				CLANG_CXX_LANGUAGE_STANDARD = "gnu++0x";
				CLANG_CXX_LIBRARY = "libc++";
				CLANG_ENABLE_MODULES = YES;
				CLANG_ENABLE_OBJC_ARC = YES;
				CLANG_WARN_BOOL_CONVERSION = YES;
				CLANG_WARN_CONSTANT_CONVERSION = YES;
				CLANG_WARN_DIRECT_OBJC_ISA_USAGE = YES_ERROR;
				CLANG_WARN_EMPTY_BODY = YES;
				CLANG_WARN_ENUM_CONVERSION = YES;
				CLANG_WARN_INT_CONVERSION = YES;
				CLANG_WARN_OBJC_ROOT_CLASS = YES_ERROR;
				CLANG_WARN_UNREACHABLE_CODE = YES;
				CLANG_WARN__DUPLICATE_METHOD_MATCH = YES;
				"CODE_SIGN_IDENTITY[sdk=iphoneos*]" = "iPhone Developer";
				COPY_PHASE_STRIP = NO;
				DEBUG_INFORMATION_FORMAT = "dwarf-with-dsym";
				ENABLE_NS_ASSERTIONS = NO;
				ENABLE_STRICT_OBJC_MSGSEND = YES;
				GCC_C_LANGUAGE_STANDARD = gnu99;
				GCC_NO_COMMON_BLOCKS = YES;
				GCC_WARN_64_TO_32_BIT_CONVERSION = YES;
				GCC_WARN_ABOUT_RETURN_TYPE = YES_ERROR;
				GCC_WARN_UNDECLARED_SELECTOR = YES;
				GCC_WARN_UNINITIALIZED_AUTOS = YES_AGGRESSIVE;
				GCC_WARN_UNUSED_FUNCTION = YES;
				GCC_WARN_UNUSED_VARIABLE = YES;
				IPHONEOS_DEPLOYMENT_TARGET = 9.3;
				MTL_ENABLE_DEBUG_INFO = NO;
				SDKROOT = iphoneos;
				TARGETED_DEVICE_FAMILY = "1,2";
				VALIDATE_PRODUCT = YES;
			};
			name = Release;
		};
		8370416F1CE4069D0058DF24 /* Debug */ = {
			isa = XCBuildConfiguration;
			buildSettings = {
				ASSETCATALOG_COMPILER_APPICON_NAME = AppIcon;
				CODE_SIGN_IDENTITY = "iPhone Developer";
				"CODE_SIGN_IDENTITY[sdk=iphoneos*]" = "iPhone Developer";
				INFOPLIST_FILE = myLakerLinkGO/Info.plist;
				IPHONEOS_DEPLOYMENT_TARGET = 9.3;
				LD_RUNPATH_SEARCH_PATHS = "$(inherited) @executable_path/Frameworks";
				PRODUCT_BUNDLE_IDENTIFIER = edu.socc.myLakerLink;
				PRODUCT_NAME = myLakerLink;
				PROVISIONING_PROFILE = "";
			};
			name = Debug;
		};
		837041701CE4069D0058DF24 /* Release */ = {
			isa = XCBuildConfiguration;
			buildSettings = {
				ASSETCATALOG_COMPILER_APPICON_NAME = AppIcon;
				CODE_SIGN_IDENTITY = "iPhone Developer";
				"CODE_SIGN_IDENTITY[sdk=iphoneos*]" = "iPhone Developer";
				INFOPLIST_FILE = myLakerLinkGO/Info.plist;
				IPHONEOS_DEPLOYMENT_TARGET = 9.3;
				LD_RUNPATH_SEARCH_PATHS = "$(inherited) @executable_path/Frameworks";
				PRODUCT_BUNDLE_IDENTIFIER = edu.socc.myLakerLink;
				PRODUCT_NAME = myLakerLink;
				PROVISIONING_PROFILE = "";
			};
			name = Release;
		};
		837041721CE4069D0058DF24 /* Debug */ = {
			isa = XCBuildConfiguration;
			buildSettings = {
				BUNDLE_LOADER = "$(TEST_HOST)";
				INFOPLIST_FILE = myLakerLinkGOTests/Info.plist;
				LD_RUNPATH_SEARCH_PATHS = "$(inherited) @executable_path/Frameworks @loader_path/Frameworks";
				PRODUCT_BUNDLE_IDENTIFIER = edu.myLakerLinkGOTests;
				PRODUCT_NAME = myLakerLink;
				TEST_HOST = "$(BUILT_PRODUCTS_DIR)/myLakerLink.app/myLakerLink";
			};
			name = Debug;
		};
		837041731CE4069D0058DF24 /* Release */ = {
			isa = XCBuildConfiguration;
			buildSettings = {
				BUNDLE_LOADER = "$(TEST_HOST)";
				INFOPLIST_FILE = myLakerLinkGOTests/Info.plist;
				LD_RUNPATH_SEARCH_PATHS = "$(inherited) @executable_path/Frameworks @loader_path/Frameworks";
				PRODUCT_BUNDLE_IDENTIFIER = edu.myLakerLinkGOTests;
				PRODUCT_NAME = myLakerLink;
				TEST_HOST = "$(BUILT_PRODUCTS_DIR)/myLakerLink.app/myLakerLink";
			};
			name = Release;
		};
		837041751CE4069D0058DF24 /* Debug */ = {
			isa = XCBuildConfiguration;
			buildSettings = {
				INFOPLIST_FILE = myLakerLinkGOUITests/Info.plist;
				LD_RUNPATH_SEARCH_PATHS = "$(inherited) @executable_path/Frameworks @loader_path/Frameworks";
				PRODUCT_BUNDLE_IDENTIFIER = edu.myLakerLinkGOUITests;
				PRODUCT_NAME = myLakerLink;
				TEST_TARGET_NAME = myLakerLinkGO;
			};
			name = Debug;
		};
		837041761CE4069D0058DF24 /* Release */ = {
			isa = XCBuildConfiguration;
			buildSettings = {
				INFOPLIST_FILE = myLakerLinkGOUITests/Info.plist;
				LD_RUNPATH_SEARCH_PATHS = "$(inherited) @executable_path/Frameworks @loader_path/Frameworks";
				PRODUCT_BUNDLE_IDENTIFIER = edu.myLakerLinkGOUITests;
				PRODUCT_NAME = myLakerLink;
				TEST_TARGET_NAME = myLakerLinkGO;
			};
			name = Release;
		};
/* End XCBuildConfiguration section */

/* Begin XCConfigurationList section */
		8370413C1CE4069D0058DF24 /* Build configuration list for PBXProject "myLakerLink" */ = {
			isa = XCConfigurationList;
			buildConfigurations = (
				8370416C1CE4069D0058DF24 /* Debug */,
				8370416D1CE4069D0058DF24 /* Release */,
			);
			defaultConfigurationIsVisible = 0;
			defaultConfigurationName = Release;
		};
		8370416E1CE4069D0058DF24 /* Build configuration list for PBXNativeTarget "myLakerLink" */ = {
			isa = XCConfigurationList;
			buildConfigurations = (
				8370416F1CE4069D0058DF24 /* Debug */,
				837041701CE4069D0058DF24 /* Release */,
			);
			defaultConfigurationIsVisible = 0;
			defaultConfigurationName = Release;
		};
		837041711CE4069D0058DF24 /* Build configuration list for PBXNativeTarget "myLakerLinkTests" */ = {
			isa = XCConfigurationList;
			buildConfigurations = (
				837041721CE4069D0058DF24 /* Debug */,
				837041731CE4069D0058DF24 /* Release */,
			);
			defaultConfigurationIsVisible = 0;
			defaultConfigurationName = Release;
		};
		837041741CE4069D0058DF24 /* Build configuration list for PBXNativeTarget "myLakerLinkUITests" */ = {
			isa = XCConfigurationList;
			buildConfigurations = (
				837041751CE4069D0058DF24 /* Debug */,
				837041761CE4069D0058DF24 /* Release */,
			);
			defaultConfigurationIsVisible = 0;
			defaultConfigurationName = Release;
		};
/* End XCConfigurationList section */
	};
	rootObject = 837041391CE4069D0058DF24 /* Project object */;
}
